<?xml version="1.0" encoding="utf-8"?>
<Project ToolsVersion="4.0" xmlns="http://schemas.microsoft.com/developer/msbuild/2003">
  <ItemGroup>
    <Filter Include="源文件">
      <UniqueIdentifier>{4FC737F1-C7A5-4376-A066-2A32D752A2FF}</UniqueIdentifier>
      <Extensions>cpp;c;cc;cxx;def;odl;idl;hpj;bat;asm;asmx</Extensions>
    </Filter>
    <Filter Include="头文件">
      <UniqueIdentifier>{93995380-89BD-4b04-88EB-625FBE52EBFB}</UniqueIdentifier>
      <Extensions>h;hpp;hxx;hm;inl;inc;xsd</Extensions>
    </Filter>
    <Filter Include="资源文件">
      <UniqueIdentifier>{67DA6AB6-F800-4c08-8B7A-83BB121AAD01}</UniqueIdentifier>
      <Extensions>rc;ico;cur;bmp;dlg;rc2;rct;bin;rgs;gif;jpg;jpeg;jpe;resx;tiff;tif;png;wav;mfcribbon-ms</Extensions>
    </Filter>
  </ItemGroup>
  <ItemGroup>
    <None Include="ReadMe.txt" />
  </ItemGroup>
  <ItemGroup>
    <ClInclude Include="stdafx.h">
      <Filter>头文件</Filter>
    </ClInclude>
    <ClInclude Include="targetver.h">
      <Filter>头文件</Filter>
    </ClInclude>
    <ClInclude Include="Resource.h">
      <Filter>头文件</Filter>
    </ClInclude>
    <ClInclude Include="State.h">
      <Filter>头文件</Filter>
    </ClInclude>
    <ClInclude Include="BinaryTransition.h">
      <Filter>头文件</Filter>
    </ClInclude>
    <ClInclude Include="BuildTree.h">
      <Filter>头文件</Filter>
    </ClInclude>
    <ClInclude Include="FeatureFactory.h">
      <Filter>头文件</Filter>
    </ClInclude>
    <ClInclude Include="IdleTransition.h">
      <Filter>头文件</Filter>
    </ClInclude>
    <ClInclude Include="Node.h">
      <Filter>头文件</Filter>
    </ClInclude>
    <ClInclude Include="PerceptronModel.h">
      <Filter>头文件</Filter>
    </ClInclude>
    <ClInclude Include="Transition.h">
      <Filter>头文件</Filter>
    </ClInclude>
    <ClInclude Include="Weight.h">
      <Filter>头文件</Filter>
    </ClInclude>
    <ClInclude Include="ShiftTransition.h">
      <Filter>头文件</Filter>
    </ClInclude>
    <ClInclude Include="FinalizeTransition.h">
      <Filter>头文件</Filter>
    </ClInclude>
    <ClInclude Include="CompoundUnaryTransition.h">
      <Filter>头文件</Filter>
    </ClInclude>
    <ClInclude Include="UnaryTransition.h">
      <Filter>头文件</Filter>
    </ClInclude>
    <ClInclude Include="BasicFeatureFactory.h">
      <Filter>头文件</Filter>
    </ClInclude>
    <ClInclude Include="WriteLog.h">
      <Filter>头文件</Filter>
    </ClInclude>
    <ClInclude Include="ShiftReduceParser.h">
      <Filter>头文件</Filter>
    </ClInclude>
  </ItemGroup>
  <ItemGroup>
    <ClCompile Include="stdafx.cpp">
      <Filter>源文件</Filter>
    </ClCompile>
    <ClCompile Include="Node.cpp">
      <Filter>源文件</Filter>
    </ClCompile>
    <ClCompile Include="BuildTree.cpp">
      <Filter>源文件</Filter>
    </ClCompile>
    <ClCompile Include="ShiftTransition.cpp">
      <Filter>源文件</Filter>
    </ClCompile>
    <ClCompile Include="UnaryTransition.cpp">
      <Filter>源文件</Filter>
    </ClCompile>
    <ClCompile Include="CompoundUnaryTransition.cpp">
      <Filter>源文件</Filter>
    </ClCompile>
    <ClCompile Include="BinaryTransition.cpp">
      <Filter>源文件</Filter>
    </ClCompile>
    <ClCompile Include="FinalizeTransition.cpp">
      <Filter>源文件</Filter>
    </ClCompile>
    <ClCompile Include="IdleTransition.cpp">
      <Filter>源文件</Filter>
    </ClCompile>
    <ClCompile Include="BasicFeatureFactory.cpp">
      <Filter>源文件</Filter>
    </ClCompile>
    <ClCompile Include="FeatureFactory.cpp">
      <Filter>源文件</Filter>
    </ClCompile>
    <ClCompile Include="PerceptronModel.cpp">
      <Filter>源文件</Filter>
    </ClCompile>
    <ClCompile Include="ShiftReduceParser.cpp">
      <Filter>源文件</Filter>
    </ClCompile>
  </ItemGroup>
  <ItemGroup>
    <ResourceCompile Include="ShiftReduceParser.rc">
      <Filter>资源文件</Filter>
    </ResourceCompile>
  </ItemGroup>
</Project>